
Microsoft Visual Studio Solution File, Format Version 12.00
# Visual Studio Version 16
VisualStudioVersion = 16.0.29920.165
MinimumVisualStudioVersion = 10.0.40219.1
Project("{9092AA53-FB77-4645-B42D-1CCCA6BD08BD}") = "technical_test_ponicode", "technical_test_ponicode.njsproj", "{5F4FD0F2-AA2D-4A81-AF4D-61F42BF7E477}"
EndProject
Global
	GlobalSection(SolutionConfigurationPlatforms) = preSolution
		Debug|Any CPU = Debug|Any CPU
		Release|Any CPU = Release|Any CPU
	EndGlobalSection
	GlobalSection(ProjectConfigurationPlatforms) = postSolution
		{5F4FD0F2-AA2D-4A81-AF4D-61F42BF7E477}.Debug|Any CPU.ActiveCfg = Debug|Any CPU
		{5F4FD0F2-AA2D-4A81-AF4D-61F42BF7E477}.Debug|Any CPU.Build.0 = Debug|Any CPU
		{5F4FD0F2-AA2D-4A81-AF4D-61F42BF7E477}.Release|Any CPU.ActiveCfg = Release|Any CPU
		{5F4FD0F2-AA2D-4A81-AF4D-61F42BF7E477}.Release|Any CPU.Build.0 = Release|Any CPU
	EndGlobalSection
	GlobalSection(SolutionProperties) = preSolution
		HideSolutionNode = FALSE
	EndGlobalSection
	GlobalSection(ExtensibilityGlobals) = postSolution
		SolutionGuid = {9C25ACF5-ED34-43D6-A91D-16EE3E2E4BDC}
	EndGlobalSection
EndGlobal
